
Microsoft Visual Studio Solution File, Format Version 12.00
# Visual Studio Version 17
VisualStudioVersion = 17.13.35806.99 d17.13
MinimumVisualStudioVersion = 10.0.40219.1
Project("{FAE04EC0-301F-11D3-BF4B-00C04F79EFBC}") = "RaceConditionEx", "RaceConditionEx\RaceConditionEx.csproj", "{B1113E2F-B9A1-41E1-86D1-BD3E47D75939}"
EndProject
Global
	GlobalSection(SolutionConfigurationPlatforms) = preSolution
		Debug|Any CPU = Debug|Any CPU
		Release|Any CPU = Release|Any CPU
	EndGlobalSection
	GlobalSection(ProjectConfigurationPlatforms) = postSolution
		{B1113E2F-B9A1-41E1-86D1-BD3E47D75939}.Debug|Any CPU.ActiveCfg = Debug|Any CPU
		{B1113E2F-B9A1-41E1-86D1-BD3E47D75939}.Debug|Any CPU.Build.0 = Debug|Any CPU
		{B1113E2F-B9A1-41E1-86D1-BD3E47D75939}.Release|Any CPU.ActiveCfg = Release|Any CPU
		{B1113E2F-B9A1-41E1-86D1-BD3E47D75939}.Release|Any CPU.Build.0 = Release|Any CPU
	EndGlobalSection
	GlobalSection(SolutionProperties) = preSolution
		HideSolutionNode = FALSE
	EndGlobalSection
	GlobalSection(ExtensibilityGlobals) = postSolution
		SolutionGuid = {2B4013D1-CF58-4B39-816A-1A3B84B0D5C0}
	EndGlobalSection
EndGlobal
